
Microsoft Visual Studio Solution File, Format Version 12.00
# Visual Studio Version 17
VisualStudioVersion = 17.10.34707.107
MinimumVisualStudioVersion = 10.0.40219.1
Project("{FAE04EC0-301F-11D3-BF4B-00C04F79EFBC}") = "Getting_Started_OpenAI_And_SemanticKernel", "Getting_Started_OpenAI_And_SemanticKernel\Getting_Started_OpenAI_And_SemanticKernel.csproj", "{A3D8AFE5-8D20-4699-A5E9-09FFB7364D26}"
EndProject
Global
	GlobalSection(SolutionConfigurationPlatforms) = preSolution
		Debug|Any CPU = Debug|Any CPU
		Release|Any CPU = Release|Any CPU
	EndGlobalSection
	GlobalSection(ProjectConfigurationPlatforms) = postSolution
		{A3D8AFE5-8D20-4699-A5E9-09FFB7364D26}.Debug|Any CPU.ActiveCfg = Debug|Any CPU
		{A3D8AFE5-8D20-4699-A5E9-09FFB7364D26}.Debug|Any CPU.Build.0 = Debug|Any CPU
		{A3D8AFE5-8D20-4699-A5E9-09FFB7364D26}.Release|Any CPU.ActiveCfg = Release|Any CPU
		{A3D8AFE5-8D20-4699-A5E9-09FFB7364D26}.Release|Any CPU.Build.0 = Release|Any CPU
	EndGlobalSection
	GlobalSection(SolutionProperties) = preSolution
		HideSolutionNode = FALSE
	EndGlobalSection
	GlobalSection(ExtensibilityGlobals) = postSolution
		SolutionGuid = {929998D4-568B-4755-B657-CADCB78BDB9F}
	EndGlobalSection
EndGlobal
